
Microsoft Visual Studio Solution File, Format Version 12.00
# Visual Studio Version 16
VisualStudioVersion = 16.0.32106.194
MinimumVisualStudioVersion = 10.0.40219.1
Project("{FAE04EC0-301F-11D3-BF4B-00C04F79EFBC}") = "MvcCoreVistasParciales", "MvcCoreVistasParciales\MvcCoreVistasParciales.csproj", "{AC1A24E3-2080-4C31-BDA5-030B7F44F0C5}"
EndProject
Global
	GlobalSection(SolutionConfigurationPlatforms) = preSolution
		Debug|Any CPU = Debug|Any CPU
		Release|Any CPU = Release|Any CPU
	EndGlobalSection
	GlobalSection(ProjectConfigurationPlatforms) = postSolution
		{AC1A24E3-2080-4C31-BDA5-030B7F44F0C5}.Debug|Any CPU.ActiveCfg = Debug|Any CPU
		{AC1A24E3-2080-4C31-BDA5-030B7F44F0C5}.Debug|Any CPU.Build.0 = Debug|Any CPU
		{AC1A24E3-2080-4C31-BDA5-030B7F44F0C5}.Release|Any CPU.ActiveCfg = Release|Any CPU
		{AC1A24E3-2080-4C31-BDA5-030B7F44F0C5}.Release|Any CPU.Build.0 = Release|Any CPU
	EndGlobalSection
	GlobalSection(SolutionProperties) = preSolution
		HideSolutionNode = FALSE
	EndGlobalSection
	GlobalSection(ExtensibilityGlobals) = postSolution
		SolutionGuid = {606572D9-F556-4DD3-BFCB-7674BC18F450}
	EndGlobalSection
EndGlobal
